
Microsoft Visual Studio Solution File, Format Version 12.00
# Visual Studio 15
VisualStudioVersion = 15.0.28307.1433
MinimumVisualStudioVersion = 10.0.40219.1
Project("{FAE04EC0-301F-11D3-BF4B-00C04F79EFBC}") = "YoutubeEgitim2", "YoutubeEgitim2\YoutubeEgitim2.csproj", "{2A54ECBB-45E9-4474-B95A-49B198FFDF7D}"
EndProject
Global
	GlobalSection(SolutionConfigurationPlatforms) = preSolution
		Debug|Any CPU = Debug|Any CPU
		Release|Any CPU = Release|Any CPU
	EndGlobalSection
	GlobalSection(ProjectConfigurationPlatforms) = postSolution
		{2A54ECBB-45E9-4474-B95A-49B198FFDF7D}.Debug|Any CPU.ActiveCfg = Debug|Any CPU
		{2A54ECBB-45E9-4474-B95A-49B198FFDF7D}.Debug|Any CPU.Build.0 = Debug|Any CPU
		{2A54ECBB-45E9-4474-B95A-49B198FFDF7D}.Release|Any CPU.ActiveCfg = Release|Any CPU
		{2A54ECBB-45E9-4474-B95A-49B198FFDF7D}.Release|Any CPU.Build.0 = Release|Any CPU
	EndGlobalSection
	GlobalSection(SolutionProperties) = preSolution
		HideSolutionNode = FALSE
	EndGlobalSection
	GlobalSection(ExtensibilityGlobals) = postSolution
		SolutionGuid = {E8990B86-0594-443E-A5E0-74931CC33303}
	EndGlobalSection
EndGlobal
